Microsoft Visual Studio Solution File, Format Version 12.00
# Visual Studio Version 17
VisualStudioVersion = 17.9.34407.89
MinimumVisualStudioVersion = 10.0.40219.1
Project("{FAE04EC0-301F-11D3-BF4B-00C04F79EFBC}") = "WeatherApp.AppHost", "WeatherApp.AppHost\WeatherApp.AppHost.csproj", "{9DCF2B42-C249-4F95-8308-46186A0197A8}"
EndProject
Project("{9A19103F-16F7-4668-BE54-9A1E7A4F7556}") = "WeatherApp.ServiceDefaults", "WeatherApp.ServiceDefaults\WeatherApp.ServiceDefaults.csproj", "{93BAAB2A-14BA-4A12-BE3B-0AE370025BB6}"
EndProject
Project("{9A19103F-16F7-4668-BE54-9A1E7A4F7556}") = "WeatherApp.ApiService", "WeatherApp.ApiService\WeatherApp.ApiService.csproj", "{3A3012E2-F8FF-423D-BCAA-61A423BB2538}"
EndProject
Project("{9A19103F-16F7-4668-BE54-9A1E7A4F7556}") = "WeatherApp.Web", "WeatherApp.Web\WeatherApp.Web.csproj", "{FA67EC0F-B28B-4811-9047-F1B08251F1F1}"
EndProject
Global
	GlobalSection(SolutionConfigurationPlatforms) = preSolution
		Debug|Any CPU = Debug|Any CPU
		Release|Any CPU = Release|Any CPU
	EndGlobalSection
	GlobalSection(ProjectConfigurationPlatforms) = postSolution
		{9DCF2B42-C249-4F95-8308-46186A0197A8}.Debug|Any CPU.ActiveCfg = Debug|Any CPU
		{9DCF2B42-C249-4F95-8308-46186A0197A8}.Debug|Any CPU.Build.0 = Debug|Any CPU
		{9DCF2B42-C249-4F95-8308-46186A0197A8}.Release|Any CPU.ActiveCfg = Release|Any CPU
		{9DCF2B42-C249-4F95-8308-46186A0197A8}.Release|Any CPU.Build.0 = Release|Any CPU
		{93BAAB2A-14BA-4A12-BE3B-0AE370025BB6}.Debug|Any CPU.ActiveCfg = Debug|Any CPU
		{93BAAB2A-14BA-4A12-BE3B-0AE370025BB6}.Debug|Any CPU.Build.0 = Debug|Any CPU
		{93BAAB2A-14BA-4A12-BE3B-0AE370025BB6}.Release|Any CPU.ActiveCfg = Release|Any CPU
		{93BAAB2A-14BA-4A12-BE3B-0AE370025BB6}.Release|Any CPU.Build.0 = Release|Any CPU
		{3A3012E2-F8FF-423D-BCAA-61A423BB2538}.Debug|Any CPU.ActiveCfg = Debug|Any CPU
		{3A3012E2-F8FF-423D-BCAA-61A423BB2538}.Debug|Any CPU.Build.0 = Debug|Any CPU
		{3A3012E2-F8FF-423D-BCAA-61A423BB2538}.Release|Any CPU.ActiveCfg = Release|Any CPU
		{3A3012E2-F8FF-423D-BCAA-61A423BB2538}.Release|Any CPU.Build.0 = Release|Any CPU
		{FA67EC0F-B28B-4811-9047-F1B08251F1F1}.Debug|Any CPU.ActiveCfg = Debug|Any CPU
		{FA67EC0F-B28B-4811-9047-F1B08251F1F1}.Debug|Any CPU.Build.0 = Debug|Any CPU
		{FA67EC0F-B28B-4811-9047-F1B08251F1F1}.Release|Any CPU.ActiveCfg = Release|Any CPU
		{FA67EC0F-B28B-4811-9047-F1B08251F1F1}.Release|Any CPU.Build.0 = Release|Any CPU
	EndGlobalSection
	GlobalSection(SolutionProperties) = preSolution
		HideSolutionNode = FALSE
	EndGlobalSection
	GlobalSection(ExtensibilityGlobals) = postSolution
		SolutionGuid = {FD9B8206-D5A1-4653-9353-73FC1A2CB993}
	EndGlobalSection
EndGlobal
